
Microsoft Visual Studio Solution File, Format Version 12.00
# Visual Studio 15
VisualStudioVersion = 15.0.26228.9
MinimumVisualStudioVersion = 10.0.40219.1
Project("{2150E333-8FDC-42A3-9474-1A3956D46DE8}") = "NET20", "NET20", "{24D89B21-ACF1-45A2-8E80-455AFA46EC90}"
EndProject
Project("{9A19103F-16F7-4668-BE54-9A1E7A4F7556}") = "NETCore", "NETCore\NETCore.csproj", "{66D87FCD-67F0-40F3-88E6-909C0892188A}"
EndProject
Project("{9A19103F-16F7-4668-BE54-9A1E7A4F7556}") = "WebServerApp", "Test\WebServerApp\WebServerApp.csproj", "{E6F3F180-479F-4BD3-819C-2FBFF29C6E60}"
EndProject
Project("{FAE04EC0-301F-11D3-BF4B-00C04F79EFBC}") = "SharpConnect.WebServer", "NET20\SharpConnect.WebServer\SharpConnect.WebServer.csproj", "{9960A15C-791D-4978-992F-69506CBCF2C7}"
EndProject
Project("{FAE04EC0-301F-11D3-BF4B-00C04F79EFBC}") = "WebServerApp", "NET20\WebServerApp\WebServerApp.csproj", "{A6BEB3E5-0BBE-4DEF-9E20-2C35B61AABEF}"
EndProject
Project("{D954291E-2A0B-460D-934E-DC6B0785DB48}") = "WebServer2", "WebServer2\WebServer2.shproj", "{AA7EAF54-D1CE-46AC-98A9-B7764EFB3B21}"
EndProject
Project("{D954291E-2A0B-460D-934E-DC6B0785DB48}") = "WebServer1", "WebServer1\WebServer1.shproj", "{F39E561C-8FC9-41A7-87F8-A9B18285B653}"
EndProject
Project("{FAE04EC0-301F-11D3-BF4B-00C04F79EFBC}") = "TestWsClient", "Test\TestWsClient\TestWsClient.csproj", "{9656B995-57DC-43E0-8F39-9B530F81E05F}"
EndProject
Global
	GlobalSection(SharedMSBuildProjectFiles) = preSolution
		WebServer1\WebServer1.projitems*{9960a15c-791d-4978-992f-69506cbcf2c7}*SharedItemsImports = 4
		WebServer2\WebServer2.projitems*{9960a15c-791d-4978-992f-69506cbcf2c7}*SharedItemsImports = 4
		WebServer2\WebServer2.projitems*{aa7eaf54-d1ce-46ac-98a9-b7764efb3b21}*SharedItemsImports = 13
		WebServer1\WebServer1.projitems*{f39e561c-8fc9-41a7-87f8-a9b18285b653}*SharedItemsImports = 13
	EndGlobalSection
	GlobalSection(SolutionConfigurationPlatforms) = preSolution
		Debug_Ubuntu|Any CPU = Debug_Ubuntu|Any CPU
		Debug_Ubuntu|x64 = Debug_Ubuntu|x64
		Debug_Ubuntu|x86 = Debug_Ubuntu|x86
		Debug|Any CPU = Debug|Any CPU
		Debug|x64 = Debug|x64
		Debug|x86 = Debug|x86
		Release_Ubuntu|Any CPU = Release_Ubuntu|Any CPU
		Release_Ubuntu|x64 = Release_Ubuntu|x64
		Release_Ubuntu|x86 = Release_Ubuntu|x86
		Release|Any CPU = Release|Any CPU
		Release|x64 = Release|x64
		Release|x86 = Release|x86
		Trace|Any CPU = Trace|Any CPU
		Trace|x64 = Trace|x64
		Trace|x86 = Trace|x86
	EndGlobalSection
	GlobalSection(ProjectConfigurationPlatforms) = postSolution
		{66D87FCD-67F0-40F3-88E6-909C0892188A}.Debug_Ubuntu|Any CPU.ActiveCfg = Debug|Any CPU
		{66D87FCD-67F0-40F3-88E6-909C0892188A}.Debug_Ubuntu|Any CPU.Build.0 = Debug|Any CPU
		{66D87FCD-67F0-40F3-88E6-909C0892188A}.Debug_Ubuntu|x64.ActiveCfg = Debug|Any CPU
		{66D87FCD-67F0-40F3-88E6-909C0892188A}.Debug_Ubuntu|x64.Build.0 = Debug|Any CPU
		{66D87FCD-67F0-40F3-88E6-909C0892188A}.Debug_Ubuntu|x86.ActiveCfg = Debug|Any CPU
		{66D87FCD-67F0-40F3-88E6-909C0892188A}.Debug_Ubuntu|x86.Build.0 = Debug|Any CPU
		{66D87FCD-67F0-40F3-88E6-909C0892188A}.Debug|Any CPU.ActiveCfg = Debug|Any CPU
		{66D87FCD-67F0-40F3-88E6-909C0892188A}.Debug|Any CPU.Build.0 = Debug|Any CPU
		{66D87FCD-67F0-40F3-88E6-909C0892188A}.Debug|x64.ActiveCfg = Debug|Any CPU
		{66D87FCD-67F0-40F3-88E6-909C0892188A}.Debug|x64.Build.0 = Debug|Any CPU
		{66D87FCD-67F0-40F3-88E6-909C0892188A}.Debug|x86.ActiveCfg = Debug|Any CPU
		{66D87FCD-67F0-40F3-88E6-909C0892188A}.Debug|x86.Build.0 = Debug|Any CPU
		{66D87FCD-67F0-40F3-88E6-909C0892188A}.Release_Ubuntu|Any CPU.ActiveCfg = Release|Any CPU
		{66D87FCD-67F0-40F3-88E6-909C0892188A}.Release_Ubuntu|Any CPU.Build.0 = Release|Any CPU
		{66D87FCD-67F0-40F3-88E6-909C0892188A}.Release_Ubuntu|x64.ActiveCfg = Release|Any CPU
		{66D87FCD-67F0-40F3-88E6-909C0892188A}.Release_Ubuntu|x64.Build.0 = Release|Any CPU
		{66D87FCD-67F0-40F3-88E6-909C0892188A}.Release_Ubuntu|x86.ActiveCfg = Release|Any CPU
		{66D87FCD-67F0-40F3-88E6-909C0892188A}.Release_Ubuntu|x86.Build.0 = Release|Any CPU
		{66D87FCD-67F0-40F3-88E6-909C0892188A}.Release|Any CPU.ActiveCfg = Release|Any CPU
		{66D87FCD-67F0-40F3-88E6-909C0892188A}.Release|Any CPU.Build.0 = Release|Any CPU
		{66D87FCD-67F0-40F3-88E6-909C0892188A}.Release|x64.ActiveCfg = Release|Any CPU
		{66D87FCD-67F0-40F3-88E6-909C0892188A}.Release|x64.Build.0 = Release|Any CPU
		{66D87FCD-67F0-40F3-88E6-909C0892188A}.Release|x86.ActiveCfg = Release|Any CPU
		{66D87FCD-67F0-40F3-88E6-909C0892188A}.Release|x86.Build.0 = Release|Any CPU
		{66D87FCD-67F0-40F3-88E6-909C0892188A}.Trace|Any CPU.ActiveCfg = Release|Any CPU
		{66D87FCD-67F0-40F3-88E6-909C0892188A}.Trace|Any CPU.Build.0 = Release|Any CPU
		{66D87FCD-67F0-40F3-88E6-909C0892188A}.Trace|x64.ActiveCfg = Release|Any CPU
		{66D87FCD-67F0-40F3-88E6-909C0892188A}.Trace|x64.Build.0 = Release|Any CPU
		{66D87FCD-67F0-40F3-88E6-909C0892188A}.Trace|x86.ActiveCfg = Release|Any CPU
		{66D87FCD-67F0-40F3-88E6-909C0892188A}.Trace|x86.Build.0 = Release|Any CPU
		{E6F3F180-479F-4BD3-819C-2FBFF29C6E60}.Debug_Ubuntu|Any CPU.ActiveCfg = Debug|Any CPU
		{E6F3F180-479F-4BD3-819C-2FBFF29C6E60}.Debug_Ubuntu|Any CPU.Build.0 = Debug|Any CPU
		{E6F3F180-479F-4BD3-819C-2FBFF29C6E60}.Debug_Ubuntu|x64.ActiveCfg = Debug|Any CPU
		{E6F3F180-479F-4BD3-819C-2FBFF29C6E60}.Debug_Ubuntu|x64.Build.0 = Debug|Any CPU
		{E6F3F180-479F-4BD3-819C-2FBFF29C6E60}.Debug_Ubuntu|x86.ActiveCfg = Debug|Any CPU
		{E6F3F180-479F-4BD3-819C-2FBFF29C6E60}.Debug_Ubuntu|x86.Build.0 = Debug|Any CPU
		{E6F3F180-479F-4BD3-819C-2FBFF29C6E60}.Debug|Any CPU.ActiveCfg = Debug|Any CPU
		{E6F3F180-479F-4BD3-819C-2FBFF29C6E60}.Debug|Any CPU.Build.0 = Debug|Any CPU
		{E6F3F180-479F-4BD3-819C-2FBFF29C6E60}.Debug|x64.ActiveCfg = Debug|Any CPU
		{E6F3F180-479F-4BD3-819C-2FBFF29C6E60}.Debug|x64.Build.0 = Debug|Any CPU
		{E6F3F180-479F-4BD3-819C-2FBFF29C6E60}.Debug|x86.ActiveCfg = Debug|Any CPU
		{E6F3F180-479F-4BD3-819C-2FBFF29C6E60}.Debug|x86.Build.0 = Debug|Any CPU
		{E6F3F180-479F-4BD3-819C-2FBFF29C6E60}.Release_Ubuntu|Any CPU.ActiveCfg = Release|Any CPU
		{E6F3F180-479F-4BD3-819C-2FBFF29C6E60}.Release_Ubuntu|Any CPU.Build.0 = Release|Any CPU
		{E6F3F180-479F-4BD3-819C-2FBFF29C6E60}.Release_Ubuntu|x64.ActiveCfg = Release|Any CPU
		{E6F3F180-479F-4BD3-819C-2FBFF29C6E60}.Release_Ubuntu|x64.Build.0 = Release|Any CPU
		{E6F3F180-479F-4BD3-819C-2FBFF29C6E60}.Release_Ubuntu|x86.ActiveCfg = Release|Any CPU
		{E6F3F180-479F-4BD3-819C-2FBFF29C6E60}.Release_Ubuntu|x86.Build.0 = Release|Any CPU
		{E6F3F180-479F-4BD3-819C-2FBFF29C6E60}.Release|Any CPU.ActiveCfg = Release|Any CPU
		{E6F3F180-479F-4BD3-819C-2FBFF29C6E60}.Release|Any CPU.Build.0 = Release|Any CPU
		{E6F3F180-479F-4BD3-819C-2FBFF29C6E60}.Release|x64.ActiveCfg = Release|Any CPU
		{E6F3F180-479F-4BD3-819C-2FBFF29C6E60}.Release|x64.Build.0 = Release|Any CPU
		{E6F3F180-479F-4BD3-819C-2FBFF29C6E60}.Release|x86.ActiveCfg = Release|Any CPU
		{E6F3F180-479F-4BD3-819C-2FBFF29C6E60}.Release|x86.Build.0 = Release|Any CPU
		{E6F3F180-479F-4BD3-819C-2FBFF29C6E60}.Trace|Any CPU.ActiveCfg = Release|Any CPU
		{E6F3F180-479F-4BD3-819C-2FBFF29C6E60}.Trace|Any CPU.Build.0 = Release|Any CPU
		{E6F3F180-479F-4BD3-819C-2FBFF29C6E60}.Trace|x64.ActiveCfg = Release|Any CPU
		{E6F3F180-479F-4BD3-819C-2FBFF29C6E60}.Trace|x64.Build.0 = Release|Any CPU
		{E6F3F180-479F-4BD3-819C-2FBFF29C6E60}.Trace|x86.ActiveCfg = Release|Any CPU
		{E6F3F180-479F-4BD3-819C-2FBFF29C6E60}.Trace|x86.Build.0 = Release|Any CPU
		{9960A15C-791D-4978-992F-69506CBCF2C7}.Debug_Ubuntu|Any CPU.ActiveCfg = Debug|Any CPU
		{9960A15C-791D-4978-992F-69506CBCF2C7}.Debug_Ubuntu|Any CPU.Build.0 = Debug|Any CPU
		{9960A15C-791D-4978-992F-69506CBCF2C7}.Debug_Ubuntu|x64.ActiveCfg = Debug|Any CPU
		{9960A15C-791D-4978-992F-69506CBCF2C7}.Debug_Ubuntu|x64.Build.0 = Debug|Any CPU
		{9960A15C-791D-4978-992F-69506CBCF2C7}.Debug_Ubuntu|x86.ActiveCfg = Debug|Any CPU
		{9960A15C-791D-4978-992F-69506CBCF2C7}.Debug_Ubuntu|x86.Build.0 = Debug|Any CPU
		{9960A15C-791D-4978-992F-69506CBCF2C7}.Debug|Any CPU.ActiveCfg = Debug|Any CPU
		{9960A15C-791D-4978-992F-69506CBCF2C7}.Debug|Any CPU.Build.0 = Debug|Any CPU
		{9960A15C-791D-4978-992F-69506CBCF2C7}.Debug|x64.ActiveCfg = Debug|Any CPU
		{9960A15C-791D-4978-992F-69506CBCF2C7}.Debug|x64.Build.0 = Debug|Any CPU
		{9960A15C-791D-4978-992F-69506CBCF2C7}.Debug|x86.ActiveCfg = Debug|Any CPU
		{9960A15C-791D-4978-992F-69506CBCF2C7}.Debug|x86.Build.0 = Debug|Any CPU
		{9960A15C-791D-4978-992F-69506CBCF2C7}.Release_Ubuntu|Any CPU.ActiveCfg = Release|Any CPU
		{9960A15C-791D-4978-992F-69506CBCF2C7}.Release_Ubuntu|Any CPU.Build.0 = Release|Any CPU
		{9960A15C-791D-4978-992F-69506CBCF2C7}.Release_Ubuntu|x64.ActiveCfg = Release|Any CPU
		{9960A15C-791D-4978-992F-69506CBCF2C7}.Release_Ubuntu|x64.Build.0 = Release|Any CPU
		{9960A15C-791D-4978-992F-69506CBCF2C7}.Release_Ubuntu|x86.ActiveCfg = Release|Any CPU
		{9960A15C-791D-4978-992F-69506CBCF2C7}.Release_Ubuntu|x86.Build.0 = Release|Any CPU
		{9960A15C-791D-4978-992F-69506CBCF2C7}.Release|Any CPU.ActiveCfg = Release|Any CPU
		{9960A15C-791D-4978-992F-69506CBCF2C7}.Release|Any CPU.Build.0 = Release|Any CPU
		{9960A15C-791D-4978-992F-69506CBCF2C7}.Release|x64.ActiveCfg = Release|Any CPU
		{9960A15C-791D-4978-992F-69506CBCF2C7}.Release|x64.Build.0 = Release|Any CPU
		{9960A15C-791D-4978-992F-69506CBCF2C7}.Release|x86.ActiveCfg = Release|Any CPU
		{9960A15C-791D-4978-992F-69506CBCF2C7}.Release|x86.Build.0 = Release|Any CPU
		{9960A15C-791D-4978-992F-69506CBCF2C7}.Trace|Any CPU.ActiveCfg = Release|Any CPU
		{9960A15C-791D-4978-992F-69506CBCF2C7}.Trace|Any CPU.Build.0 = Release|Any CPU
		{9960A15C-791D-4978-992F-69506CBCF2C7}.Trace|x64.ActiveCfg = Release|Any CPU
		{9960A15C-791D-4978-992F-69506CBCF2C7}.Trace|x64.Build.0 = Release|Any CPU
		{9960A15C-791D-4978-992F-69506CBCF2C7}.Trace|x86.ActiveCfg = Release|Any CPU
		{9960A15C-791D-4978-992F-69506CBCF2C7}.Trace|x86.Build.0 = Release|Any CPU
		{A6BEB3E5-0BBE-4DEF-9E20-2C35B61AABEF}.Debug_Ubuntu|Any CPU.ActiveCfg = Release|x86
		{A6BEB3E5-0BBE-4DEF-9E20-2C35B61AABEF}.Debug_Ubuntu|Any CPU.Build.0 = Release|x86
		{A6BEB3E5-0BBE-4DEF-9E20-2C35B61AABEF}.Debug_Ubuntu|x64.ActiveCfg = Release|x86
		{A6BEB3E5-0BBE-4DEF-9E20-2C35B61AABEF}.Debug_Ubuntu|x64.Build.0 = Release|x86
		{A6BEB3E5-0BBE-4DEF-9E20-2C35B61AABEF}.Debug_Ubuntu|x86.ActiveCfg = Debug|x86
		{A6BEB3E5-0BBE-4DEF-9E20-2C35B61AABEF}.Debug_Ubuntu|x86.Build.0 = Debug|x86
		{A6BEB3E5-0BBE-4DEF-9E20-2C35B61AABEF}.Debug|Any CPU.ActiveCfg = Debug|x86
		{A6BEB3E5-0BBE-4DEF-9E20-2C35B61AABEF}.Debug|Any CPU.Build.0 = Debug|x86
		{A6BEB3E5-0BBE-4DEF-9E20-2C35B61AABEF}.Debug|x64.ActiveCfg = Debug|x86
		{A6BEB3E5-0BBE-4DEF-9E20-2C35B61AABEF}.Debug|x86.ActiveCfg = Debug|x86
		{A6BEB3E5-0BBE-4DEF-9E20-2C35B61AABEF}.Debug|x86.Build.0 = Debug|x86
		{A6BEB3E5-0BBE-4DEF-9E20-2C35B61AABEF}.Release_Ubuntu|Any CPU.ActiveCfg = Release|x86
		{A6BEB3E5-0BBE-4DEF-9E20-2C35B61AABEF}.Release_Ubuntu|Any CPU.Build.0 = Release|x86
		{A6BEB3E5-0BBE-4DEF-9E20-2C35B61AABEF}.Release_Ubuntu|x64.ActiveCfg = Release|x86
		{A6BEB3E5-0BBE-4DEF-9E20-2C35B61AABEF}.Release_Ubuntu|x64.Build.0 = Release|x86
		{A6BEB3E5-0BBE-4DEF-9E20-2C35B61AABEF}.Release_Ubuntu|x86.ActiveCfg = Release|x86
		{A6BEB3E5-0BBE-4DEF-9E20-2C35B61AABEF}.Release_Ubuntu|x86.Build.0 = Release|x86
		{A6BEB3E5-0BBE-4DEF-9E20-2C35B61AABEF}.Release|Any CPU.ActiveCfg = Release|x86
		{A6BEB3E5-0BBE-4DEF-9E20-2C35B61AABEF}.Release|x64.ActiveCfg = Release|x86
		{A6BEB3E5-0BBE-4DEF-9E20-2C35B61AABEF}.Release|x86.ActiveCfg = Release|x86
		{A6BEB3E5-0BBE-4DEF-9E20-2C35B61AABEF}.Release|x86.Build.0 = Release|x86
		{A6BEB3E5-0BBE-4DEF-9E20-2C35B61AABEF}.Trace|Any CPU.ActiveCfg = Release|x86
		{A6BEB3E5-0BBE-4DEF-9E20-2C35B61AABEF}.Trace|Any CPU.Build.0 = Release|x86
		{A6BEB3E5-0BBE-4DEF-9E20-2C35B61AABEF}.Trace|x64.ActiveCfg = Release|x86
		{A6BEB3E5-0BBE-4DEF-9E20-2C35B61AABEF}.Trace|x64.Build.0 = Release|x86
		{A6BEB3E5-0BBE-4DEF-9E20-2C35B61AABEF}.Trace|x86.ActiveCfg = Release|x86
		{A6BEB3E5-0BBE-4DEF-9E20-2C35B61AABEF}.Trace|x86.Build.0 = Release|x86
		{9656B995-57DC-43E0-8F39-9B530F81E05F}.Debug_Ubuntu|Any CPU.ActiveCfg = Debug|Any CPU
		{9656B995-57DC-43E0-8F39-9B530F81E05F}.Debug_Ubuntu|Any CPU.Build.0 = Debug|Any CPU
		{9656B995-57DC-43E0-8F39-9B530F81E05F}.Debug_Ubuntu|x64.ActiveCfg = Debug|Any CPU
		{9656B995-57DC-43E0-8F39-9B530F81E05F}.Debug_Ubuntu|x64.Build.0 = Debug|Any CPU
		{9656B995-57DC-43E0-8F39-9B530F81E05F}.Debug_Ubuntu|x86.ActiveCfg = Debug|Any CPU
		{9656B995-57DC-43E0-8F39-9B530F81E05F}.Debug_Ubuntu|x86.Build.0 = Debug|Any CPU
		{9656B995-57DC-43E0-8F39-9B530F81E05F}.Debug|Any CPU.ActiveCfg = Debug|Any CPU
		{9656B995-57DC-43E0-8F39-9B530F81E05F}.Debug|Any CPU.Build.0 = Debug|Any CPU
		{9656B995-57DC-43E0-8F39-9B530F81E05F}.Debug|x64.ActiveCfg = Debug|Any CPU
		{9656B995-57DC-43E0-8F39-9B530F81E05F}.Debug|x64.Build.0 = Debug|Any CPU
		{9656B995-57DC-43E0-8F39-9B530F81E05F}.Debug|x86.ActiveCfg = Debug|Any CPU
		{9656B995-57DC-43E0-8F39-9B530F81E05F}.Debug|x86.Build.0 = Debug|Any CPU
		{9656B995-57DC-43E0-8F39-9B530F81E05F}.Release_Ubuntu|Any CPU.ActiveCfg = Release|Any CPU
		{9656B995-57DC-43E0-8F39-9B530F81E05F}.Release_Ubuntu|Any CPU.Build.0 = Release|Any CPU
		{9656B995-57DC-43E0-8F39-9B530F81E05F}.Release_Ubuntu|x64.ActiveCfg = Release|Any CPU
		{9656B995-57DC-43E0-8F39-9B530F81E05F}.Release_Ubuntu|x64.Build.0 = Release|Any CPU
		{9656B995-57DC-43E0-8F39-9B530F81E05F}.Release_Ubuntu|x86.ActiveCfg = Release|Any CPU
		{9656B995-57DC-43E0-8F39-9B530F81E05F}.Release_Ubuntu|x86.Build.0 = Release|Any CPU
		{9656B995-57DC-43E0-8F39-9B530F81E05F}.Release|Any CPU.ActiveCfg = Release|Any CPU
		{9656B995-57DC-43E0-8F39-9B530F81E05F}.Release|Any CPU.Build.0 = Release|Any CPU
		{9656B995-57DC-43E0-8F39-9B530F81E05F}.Release|x64.ActiveCfg = Release|Any CPU
		{9656B995-57DC-43E0-8F39-9B530F81E05F}.Release|x64.Build.0 = Release|Any CPU
		{9656B995-57DC-43E0-8F39-9B530F81E05F}.Release|x86.ActiveCfg = Release|Any CPU
		{9656B995-57DC-43E0-8F39-9B530F81E05F}.Release|x86.Build.0 = Release|Any CPU
		{9656B995-57DC-43E0-8F39-9B530F81E05F}.Trace|Any CPU.ActiveCfg = Release|Any CPU
		{9656B995-57DC-43E0-8F39-9B530F81E05F}.Trace|Any CPU.Build.0 = Release|Any CPU
		{9656B995-57DC-43E0-8F39-9B530F81E05F}.Trace|x64.ActiveCfg = Release|Any CPU
		{9656B995-57DC-43E0-8F39-9B530F81E05F}.Trace|x64.Build.0 = Release|Any CPU
		{9656B995-57DC-43E0-8F39-9B530F81E05F}.Trace|x86.ActiveCfg = Release|Any CPU
		{9656B995-57DC-43E0-8F39-9B530F81E05F}.Trace|x86.Build.0 = Release|Any CPU
	EndGlobalSection
	GlobalSection(SolutionProperties) = preSolution
		HideSolutionNode = FALSE
	EndGlobalSection
	GlobalSection(NestedProjects) = preSolution
		{9960A15C-791D-4978-992F-69506CBCF2C7} = {24D89B21-ACF1-45A2-8E80-455AFA46EC90}
		{A6BEB3E5-0BBE-4DEF-9E20-2C35B61AABEF} = {24D89B21-ACF1-45A2-8E80-455AFA46EC90}
	EndGlobalSection
	GlobalSection(ExtensibilityGlobals) = postSolution
		SolutionGuid = {36B24979-E88F-4B59-A2FF-19029A07E9C9}
	EndGlobalSection
EndGlobal
